// !$*UTF8*$!
{
	archiveVersion = 1;
	classes = {
	};
	objectVersion = 77;
	objects = {

/* Begin PBXBuildFile section */
		4938E3822E51DFDD00814038 /* GoogleService-Info.plist in Resources */ = {isa = PBXBuildFile; fileRef = 4938E3812E51DFDD00814038 /* GoogleService-Info.plist */; };
		6ED6535D2E475E770068C760 /* FirebaseAuth in Frameworks */ = {isa = PBXBuildFile; productRef = 6ED6535C2E475E770068C760 /* FirebaseAuth */; };
		6ED6535F2E475E770068C760 /* FirebaseCore in Frameworks */ = {isa = PBXBuildFile; productRef = 6ED6535E2E475E770068C760 /* FirebaseCore */; };
		6ED653612E475E770068C760 /* FirebaseFirestore in Frameworks */ = {isa = PBXBuildFile; productRef = 6ED653602E475E770068C760 /* FirebaseFirestore */; };
/* End PBXBuildFile section */

/* Begin PBXContainerItemProxy section */
		6E70514C2E2AA83E0056896B /* PBXContainerItemProxy */ = {
			isa = PBXContainerItemProxy;
			containerPortal = 6E7051362E2AA83D0056896B /* Project object */;
			proxyType = 1;
			remoteGlobalIDString = 6E70513D2E2AA83D0056896B;
			remoteInfo = WatchMeGo;
		};
		6E7051562E2AA83E0056896B /* PBXContainerItemProxy */ = {
			isa = PBXContainerItemProxy;
			containerPortal = 6E7051362E2AA83D0056896B /* Project object */;
			proxyType = 1;
			remoteGlobalIDString = 6E70513D2E2AA83D0056896B;
			remoteInfo = WatchMeGo;
		};
/* End PBXContainerItemProxy section */

/* Begin PBXFileReference section */
		4938E3812E51DFDD00814038 /* GoogleService-Info.plist */ = {isa = PBXFileReference; lastKnownFileType = text.plist.xml; path = "GoogleService-Info.plist"; sourceTree = "<group>"; };
		6E70513E2E2AA83D0056896B /* WatchMeGo.app */ = {isa = PBXFileReference; explicitFileType = wrapper.application; includeInIndex = 0; path = WatchMeGo.app; sourceTree = BUILT_PRODUCTS_DIR; };
		6E70514B2E2AA83E0056896B /* WatchMeGoTests.xctest */ = {isa = PBXFileReference; explicitFileType = wrapper.cfbundle; includeInIndex = 0; path = WatchMeGoTests.xctest; sourceTree = BUILT_PRODUCTS_DIR; };
		6E7051552E2AA83E0056896B /* WatchMeGoUITests.xctest */ = {isa = PBXFileReference; explicitFileType = wrapper.cfbundle; includeInIndex = 0; path = WatchMeGoUITests.xctest; sourceTree = BUILT_PRODUCTS_DIR; };
/* End PBXFileReference section */

/* Begin PBXFileSystemSynchronizedRootGroup section */
		6E7051402E2AA83D0056896B /* WatchMeGo */ = {
			isa = PBXFileSystemSynchronizedRootGroup;
			path = WatchMeGo;
			sourceTree = "<group>";
		};
		6E70514E2E2AA83E0056896B /* WatchMeGoTests */ = {
			isa = PBXFileSystemSynchronizedRootGroup;
			path = WatchMeGoTests;
			sourceTree = "<group>";
		};
		6E7051582E2AA83E0056896B /* WatchMeGoUITests */ = {
			isa = PBXFileSystemSynchronizedRootGroup;
			path = WatchMeGoUITests;
			sourceTree = "<group>";
		};
/* End PBXFileSystemSynchronizedRootGroup section */

/* Begin PBXFrameworksBuildPhase section */
		6E70513B2E2AA83D0056896B /* Frameworks */ = {
			isa = PBXFrameworksBuildPhase;
			buildActionMask = 2147483647;
			files = (
				6ED6535F2E475E770068C760 /* FirebaseCore in Frameworks */,
				6ED6535D2E475E770068C760 /* FirebaseAuth in Frameworks */,
				6ED653612E475E770068C760 /* FirebaseFirestore in Frameworks */,
			);
			runOnlyForDeploymentPostprocessing = 0;
		};
		6E7051482E2AA83E0056896B /* Frameworks */ = {
			isa = PBXFrameworksBuildPhase;
			buildActionMask = 2147483647;
			files = (
			);
			runOnlyForDeploymentPostprocessing = 0;
		};
		6E7051522E2AA83E0056896B /* Frameworks */ = {
			isa = PBXFrameworksBuildPhase;
			buildActionMask = 2147483647;
			files = (
			);
			runOnlyForDeploymentPostprocessing = 0;
		};
/* End PBXFrameworksBuildPhase section */

/* Begin PBXGroup section */
		6E7051352E2AA83D0056896B = {
			isa = PBXGroup;
			children = (
				6E7051402E2AA83D0056896B /* WatchMeGo */,
				4938E3812E51DFDD00814038 /* GoogleService-Info.plist */,
				6E70514E2E2AA83E0056896B /* WatchMeGoTests */,
				6E7051582E2AA83E0056896B /* WatchMeGoUITests */,
				6E70513F2E2AA83D0056896B /* Products */,
			);
			sourceTree = "<group>";
		};
		6E70513F2E2AA83D0056896B /* Products */ = {
			isa = PBXGroup;
			children = (
				6E70513E2E2AA83D0056896B /* WatchMeGo.app */,
				6E70514B2E2AA83E0056896B /* WatchMeGoTests.xctest */,
				6E7051552E2AA83E0056896B /* WatchMeGoUITests.xctest */,
			);
			name = Products;
			sourceTree = "<group>";
		};
/* End PBXGroup section */

/* Begin PBXNativeTarget section */
		6E70513D2E2AA83D0056896B /* WatchMeGo */ = {
			isa = PBXNativeTarget;
			buildConfigurationList = 6E70515F2E2AA83E0056896B /* Build configuration list for PBXNativeTarget "WatchMeGo" */;
			buildPhases = (
				6E70513A2E2AA83D0056896B /* Sources */,
				6E70513B2E2AA83D0056896B /* Frameworks */,
				6E70513C2E2AA83D0056896B /* Resources */,
			);
			buildRules = (
			);
			dependencies = (
			);
			fileSystemSynchronizedGroups = (
				6E7051402E2AA83D0056896B /* WatchMeGo */,
			);
			name = WatchMeGo;
			packageProductDependencies = (
				6ED6535C2E475E770068C760 /* FirebaseAuth */,
				6ED6535E2E475E770068C760 /* FirebaseCore */,
				6ED653602E475E770068C760 /* FirebaseFirestore */,
			);
			productName = WatchMeGo;
			productReference = 6E70513E2E2AA83D0056896B /* WatchMeGo.app */;
			productType = "com.apple.product-type.application";
		};
		6E70514A2E2AA83E0056896B /* WatchMeGoTests */ = {
			isa = PBXNativeTarget;
			buildConfigurationList = 6E7051622E2AA83E0056896B /* Build configuration list for PBXNativeTarget "WatchMeGoTests" */;
			buildPhases = (
				6E7051472E2AA83E0056896B /* Sources */,
				6E7051482E2AA83E0056896B /* Frameworks */,
				6E7051492E2AA83E0056896B /* Resources */,
			);
			buildRules = (
			);
			dependencies = (
				6E70514D2E2AA83E0056896B /* PBXTargetDependency */,
			);
			fileSystemSynchronizedGroups = (
				6E70514E2E2AA83E0056896B /* WatchMeGoTests */,
			);
			name = WatchMeGoTests;
			packageProductDependencies = (
			);
			productName = WatchMeGoTests;
			productReference = 6E70514B2E2AA83E0056896B /* WatchMeGoTests.xctest */;
			productType = "com.apple.product-type.bundle.unit-test";
		};
		6E7051542E2AA83E0056896B /* WatchMeGoUITests */ = {
			isa = PBXNativeTarget;
			buildConfigurationList = 6E7051652E2AA83E0056896B /* Build configuration list for PBXNativeTarget "WatchMeGoUITests" */;
			buildPhases = (
				6E7051512E2AA83E0056896B /* Sources */,
				6E7051522E2AA83E0056896B /* Frameworks */,
				6E7051532E2AA83E0056896B /* Resources */,
			);
			buildRules = (
			);
			dependencies = (
				6E7051572E2AA83E0056896B /* PBXTargetDependency */,
			);
			fileSystemSynchronizedGroups = (
				6E7051582E2AA83E0056896B /* WatchMeGoUITests */,
			);
			name = WatchMeGoUITests;
			packageProductDependencies = (
			);
			productName = WatchMeGoUITests;
			productReference = 6E7051552E2AA83E0056896B /* WatchMeGoUITests.xctest */;
			productType = "com.apple.product-type.bundle.ui-testing";
		};
/* End PBXNativeTarget section */

/* Begin PBXProject section */
		6E7051362E2AA83D0056896B /* Project object */ = {
			isa = PBXProject;
			attributes = {
				BuildIndependentTargetsInParallel = 1;
				LastSwiftUpdateCheck = 1640;
				LastUpgradeCheck = 1640;
				TargetAttributes = {
					6E70513D2E2AA83D0056896B = {
						CreatedOnToolsVersion = 16.4;
					};
					6E70514A2E2AA83E0056896B = {
						CreatedOnToolsVersion = 16.4;
						TestTargetID = 6E70513D2E2AA83D0056896B;
					};
					6E7051542E2AA83E0056896B = {
						CreatedOnToolsVersion = 16.4;
						TestTargetID = 6E70513D2E2AA83D0056896B;
					};
				};
			};
			buildConfigurationList = 6E7051392E2AA83D0056896B /* Build configuration list for PBXProject "WatchMeGo" */;
			developmentRegion = en;
			hasScannedForEncodings = 0;
			knownRegions = (
				en,
				Base,
			);
			mainGroup = 6E7051352E2AA83D0056896B;
			minimizedProjectReferenceProxies = 1;
			packageReferences = (
				6ED6535B2E475E770068C760 /* XCRemoteSwiftPackageReference "firebase-ios-sdk" */,
			);
			preferredProjectObjectVersion = 77;
			productRefGroup = 6E70513F2E2AA83D0056896B /* Products */;
			projectDirPath = "";
			projectRoot = "";
			targets = (
				6E70513D2E2AA83D0056896B /* WatchMeGo */,
				6E70514A2E2AA83E0056896B /* WatchMeGoTests */,
				6E7051542E2AA83E0056896B /* WatchMeGoUITests */,
			);
		};
/* End PBXProject section */

/* Begin PBXResourcesBuildPhase section */
		6E70513C2E2AA83D0056896B /* Resources */ = {
			isa = PBXResourcesBuildPhase;
			buildActionMask = 2147483647;
			files = (
				4938E3822E51DFDD00814038 /* GoogleService-Info.plist in Resources */,
			);
			runOnlyForDeploymentPostprocessing = 0;
		};
		6E7051492E2AA83E0056896B /* Resources */ = {
			isa = PBXResourcesBuildPhase;
			buildActionMask = 2147483647;
			files = (
			);
			runOnlyForDeploymentPostprocessing = 0;
		};
		6E7051532E2AA83E0056896B /* Resources */ = {
			isa = PBXResourcesBuildPhase;
			buildActionMask = 2147483647;
			files = (
			);
			runOnlyForDeploymentPostprocessing = 0;
		};
/* End PBXResourcesBuildPhase section */

/* Begin PBXSourcesBuildPhase section */
		6E70513A2E2AA83D0056896B /* Sources */ = {
			isa = PBXSourcesBuildPhase;
			buildActionMask = 2147483647;
			files = (
			);
			runOnlyForDeploymentPostprocessing = 0;
		};
		6E7051472E2AA83E0056896B /* Sources */ = {
			isa = PBXSourcesBuildPhase;
			buildActionMask = 2147483647;
			files = (
			);
			runOnlyForDeploymentPostprocessing = 0;
		};
		6E7051512E2AA83E0056896B /* Sources */ = {
			isa = PBXSourcesBuildPhase;
			buildActionMask = 2147483647;
			files = (
			);
			runOnlyForDeploymentPostprocessing = 0;
		};
/* End PBXSourcesBuildPhase section */

/* Begin PBXTargetDependency section */
		6E70514D2E2AA83E0056896B /* PBXTargetDependency */ = {
			isa = PBXTargetDependency;
			target = 6E70513D2E2AA83D0056896B /* WatchMeGo */;
			targetProxy = 6E70514C2E2AA83E0056896B /* PBXContainerItemProxy */;
		};
		6E7051572E2AA83E0056896B /* PBXTargetDependency */ = {
			isa = PBXTargetDependency;
			target = 6E70513D2E2AA83D0056896B /* WatchMeGo */;
			targetProxy = 6E7051562E2AA83E0056896B /* PBXContainerItemProxy */;
		};
/* End PBXTargetDependency section */

/* Begin XCBuildConfiguration section */
		6E70515D2E2AA83E0056896B /* Debug */ = {
			isa = XCBuildConfiguration;
			buildSettings = {
				ALWAYS_SEARCH_USER_PATHS = NO;
				ASSETCATALOG_COMPILER_GENERATE_SWIFT_ASSET_SYMBOL_EXTENSIONS = YES;
				CLANG_ANALYZER_NONNULL = YES;
				CLANG_ANALYZER_NUMBER_OBJECT_CONVERSION = YES_AGGRESSIVE;
				CLANG_CXX_LANGUAGE_STANDARD = "gnu++20";
				CLANG_ENABLE_MODULES = YES;
				CLANG_ENABLE_OBJC_ARC = YES;
				CLANG_ENABLE_OBJC_WEAK = YES;
				CLANG_WARN_BLOCK_CAPTURE_AUTORELEASING = YES;
				CLANG_WARN_BOOL_CONVERSION = YES;
				CLANG_WARN_COMMA = YES;
				CLANG_WARN_CONSTANT_CONVERSION = YES;
				CLANG_WARN_DEPRECATED_OBJC_IMPLEMENTATIONS = YES;
				CLANG_WARN_DIRECT_OBJC_ISA_USAGE = YES_ERROR;
				CLANG_WARN_DOCUMENTATION_COMMENTS = YES;
				CLANG_WARN_EMPTY_BODY = YES;
				CLANG_WARN_ENUM_CONVERSION = YES;
				CLANG_WARN_INFINITE_RECURSION = YES;
				CLANG_WARN_INT_CONVERSION = YES;
				CLANG_WARN_NON_LITERAL_NULL_CONVERSION = YES;
				CLANG_WARN_OBJC_IMPLICIT_RETAIN_SELF = YES;
				CLANG_WARN_OBJC_LITERAL_CONVERSION = YES;
				CLANG_WARN_OBJC_ROOT_CLASS = YES_ERROR;
				CLANG_WARN_QUOTED_INCLUDE_IN_FRAMEWORK_HEADER = YES;
				CLANG_WARN_RANGE_LOOP_ANALYSIS = YES;
				CLANG_WARN_STRICT_PROTOTYPES = YES;
				CLANG_WARN_SUSPICIOUS_MOVE = YES;
				CLANG_WARN_UNGUARDED_AVAILABILITY = YES_AGGRESSIVE;
				CLANG_WARN_UNREACHABLE_CODE = YES;
				CLANG_WARN__DUPLICATE_METHOD_MATCH = YES;
				COPY_PHASE_STRIP = NO;
				DEBUG_INFORMATION_FORMAT = dwarf;
				DEVELOPMENT_TEAM = 434W4NYSB5;
				ENABLE_STRICT_OBJC_MSGSEND = YES;
				ENABLE_TESTABILITY = YES;
				ENABLE_USER_SCRIPT_SANDBOXING = YES;
				GCC_C_LANGUAGE_STANDARD = gnu17;
				GCC_DYNAMIC_NO_PIC = NO;
				GCC_NO_COMMON_BLOCKS = YES;
				GCC_OPTIMIZATION_LEVEL = 0;
				GCC_PREPROCESSOR_DEFINITIONS = (
					"DEBUG=1",
					"$(inherited)",
				);
				GCC_WARN_64_TO_32_BIT_CONVERSION = YES;
				GCC_WARN_ABOUT_RETURN_TYPE = YES_ERROR;
				GCC_WARN_UNDECLARED_SELECTOR = YES;
				GCC_WARN_UNINITIALIZED_AUTOS = YES_AGGRESSIVE;
				GCC_WARN_UNUSED_FUNCTION = YES;
				GCC_WARN_UNUSED_VARIABLE = YES;
				IPHONEOS_DEPLOYMENT_TARGET = 18.5;
				LOCALIZATION_PREFERS_STRING_CATALOGS = YES;
				MTL_ENABLE_DEBUG_INFO = INCLUDE_SOURCE;
				MTL_FAST_MATH = YES;
				ONLY_ACTIVE_ARCH = YES;
				SDKROOT = iphoneos;
				SWIFT_ACTIVE_COMPILATION_CONDITIONS = "DEBUG $(inherited)";
				SWIFT_OPTIMIZATION_LEVEL = "-Onone";
			};
			name = Debug;
		};
		6E70515E2E2AA83E0056896B /* Release */ = {
			isa = XCBuildConfiguration;
			buildSettings = {
				ALWAYS_SEARCH_USER_PATHS = NO;
				ASSETCATALOG_COMPILER_GENERATE_SWIFT_ASSET_SYMBOL_EXTENSIONS = YES;
				CLANG_ANALYZER_NONNULL = YES;
				CLANG_ANALYZER_NUMBER_OBJECT_CONVERSION = YES_AGGRESSIVE;
				CLANG_CXX_LANGUAGE_STANDARD = "gnu++20";
				CLANG_ENABLE_MODULES = YES;
				CLANG_ENABLE_OBJC_ARC = YES;
				CLANG_ENABLE_OBJC_WEAK = YES;
				CLANG_WARN_BLOCK_CAPTURE_AUTORELEASING = YES;
				CLANG_WARN_BOOL_CONVERSION = YES;
				CLANG_WARN_COMMA = YES;
				CLANG_WARN_CONSTANT_CONVERSION = YES;
				CLANG_WARN_DEPRECATED_OBJC_IMPLEMENTATIONS = YES;
				CLANG_WARN_DIRECT_OBJC_ISA_USAGE = YES_ERROR;
				CLANG_WARN_DOCUMENTATION_COMMENTS = YES;
				CLANG_WARN_EMPTY_BODY = YES;
				CLANG_WARN_ENUM_CONVERSION = YES;
				CLANG_WARN_INFINITE_RECURSION = YES;
				CLANG_WARN_INT_CONVERSION = YES;
				CLANG_WARN_NON_LITERAL_NULL_CONVERSION = YES;
				CLANG_WARN_OBJC_IMPLICIT_RETAIN_SELF = YES;
				CLANG_WARN_OBJC_LITERAL_CONVERSION = YES;
				CLANG_WARN_OBJC_ROOT_CLASS = YES_ERROR;
				CLANG_WARN_QUOTED_INCLUDE_IN_FRAMEWORK_HEADER = YES;
				CLANG_WARN_RANGE_LOOP_ANALYSIS = YES;
				CLANG_WARN_STRICT_PROTOTYPES = YES;
				CLANG_WARN_SUSPICIOUS_MOVE = YES;
				CLANG_WARN_UNGUARDED_AVAILABILITY = YES_AGGRESSIVE;
				CLANG_WARN_UNREACHABLE_CODE = YES;
				CLANG_WARN__DUPLICATE_METHOD_MATCH = YES;
				COPY_PHASE_STRIP = NO;
				DEBUG_INFORMATION_FORMAT = "dwarf-with-dsym";
				DEVELOPMENT_TEAM = 434W4NYSB5;
				ENABLE_NS_ASSERTIONS = NO;
				ENABLE_STRICT_OBJC_MSGSEND = YES;
				ENABLE_USER_SCRIPT_SANDBOXING = YES;
				GCC_C_LANGUAGE_STANDARD = gnu17;
				GCC_NO_COMMON_BLOCKS = YES;
				GCC_WARN_64_TO_32_BIT_CONVERSION = YES;
				GCC_WARN_ABOUT_RETURN_TYPE = YES_ERROR;
				GCC_WARN_UNDECLARED_SELECTOR = YES;
				GCC_WARN_UNINITIALIZED_AUTOS = YES_AGGRESSIVE;
				GCC_WARN_UNUSED_FUNCTION = YES;
				GCC_WARN_UNUSED_VARIABLE = YES;
				IPHONEOS_DEPLOYMENT_TARGET = 18.5;
				LOCALIZATION_PREFERS_STRING_CATALOGS = YES;
				MTL_ENABLE_DEBUG_INFO = NO;
				MTL_FAST_MATH = YES;
				SDKROOT = iphoneos;
				SWIFT_COMPILATION_MODE = wholemodule;
				VALIDATE_PRODUCT = YES;
			};
			name = Release;
		};
		6E7051602E2AA83E0056896B /* Debug */ = {
			isa = XCBuildConfiguration;
			buildSettings = {
				ASSETCATALOG_COMPILER_APPICON_NAME = AppIcon;
				ASSETCATALOG_COMPILER_GLOBAL_ACCENT_COLOR_NAME = AccentColor;
				CODE_SIGN_ENTITLEMENTS = WatchMeGo/WatchMeGo.entitlements;
				CODE_SIGN_STYLE = Automatic;
				CURRENT_PROJECT_VERSION = 1;
				DEVELOPMENT_TEAM = 434W4NYSB5;
				ENABLE_PREVIEWS = YES;
				GENERATE_INFOPLIST_FILE = YES;
				INFOPLIST_KEY_NSHealthShareUsageDescription = "This app uses Health data to display your daily activity and progress.";
				INFOPLIST_KEY_UIApplicationSceneManifest_Generation = YES;
				INFOPLIST_KEY_UIApplicationSupportsIndirectInputEvents = YES;
				INFOPLIST_KEY_UILaunchScreen_Generation = YES;
				INFOPLIST_KEY_UISupportedInterfaceOrientations_iPad = "UIInterfaceOrientationPortrait UIInterfaceOrientationPortraitUpsideDown UIInterfaceOrientationLandscapeLeft UIInterfaceOrientationLandscapeRight";
				INFOPLIST_KEY_UISupportedInterfaceOrientations_iPhone = "UIInterfaceOrientationPortrait UIInterfaceOrientationLandscapeLeft UIInterfaceOrientationLandscapeRight";
				LD_RUNPATH_SEARCH_PATHS = (
					"$(inherited)",
					"@executable_path/Frameworks",
				);
				MARKETING_VERSION = 1.0;
				PRODUCT_BUNDLE_IDENTIFIER = xzeu.WatchMeGo;
				PRODUCT_NAME = "$(TARGET_NAME)";
				SWIFT_EMIT_LOC_STRINGS = YES;
				SWIFT_VERSION = 5.0;
				TARGETED_DEVICE_FAMILY = "1,2";
			};
			name = Debug;
		};
		6E7051612E2AA83E0056896B /* Release */ = {
			isa = XCBuildConfiguration;
			buildSettings = {
				ASSETCATALOG_COMPILER_APPICON_NAME = AppIcon;
				ASSETCATALOG_COMPILER_GLOBAL_ACCENT_COLOR_NAME = AccentColor;
				CODE_SIGN_ENTITLEMENTS = WatchMeGo/WatchMeGo.entitlements;
				CODE_SIGN_STYLE = Automatic;
				CURRENT_PROJECT_VERSION = 1;
				DEVELOPMENT_TEAM = 434W4NYSB5;
				ENABLE_PREVIEWS = YES;
				GENERATE_INFOPLIST_FILE = YES;
				INFOPLIST_KEY_NSHealthShareUsageDescription = "This app uses Health data to display your daily activity and progress.";
				INFOPLIST_KEY_UIApplicationSceneManifest_Generation = YES;
				INFOPLIST_KEY_UIApplicationSupportsIndirectInputEvents = YES;
				INFOPLIST_KEY_UILaunchScreen_Generation = YES;
				INFOPLIST_KEY_UISupportedInterfaceOrientations_iPad = "UIInterfaceOrientationPortrait UIInterfaceOrientationPortraitUpsideDown UIInterfaceOrientationLandscapeLeft UIInterfaceOrientationLandscapeRight";
				INFOPLIST_KEY_UISupportedInterfaceOrientations_iPhone = "UIInterfaceOrientationPortrait UIInterfaceOrientationLandscapeLeft UIInterfaceOrientationLandscapeRight";
				LD_RUNPATH_SEARCH_PATHS = (
					"$(inherited)",
					"@executable_path/Frameworks",
				);
				MARKETING_VERSION = 1.0;
				PRODUCT_BUNDLE_IDENTIFIER = xzeu.WatchMeGo;
				PRODUCT_NAME = "$(TARGET_NAME)";
				SWIFT_EMIT_LOC_STRINGS = YES;
				SWIFT_VERSION = 5.0;
				TARGETED_DEVICE_FAMILY = "1,2";
			};
			name = Release;
		};
		6E7051632E2AA83E0056896B /* Debug */ = {
			isa = XCBuildConfiguration;
			buildSettings = {
				BUNDLE_LOADER = "$(TEST_HOST)";
				CODE_SIGN_STYLE = Automatic;
				CURRENT_PROJECT_VERSION = 1;
				DEVELOPMENT_TEAM = 434W4NYSB5;
				GENERATE_INFOPLIST_FILE = YES;
				IPHONEOS_DEPLOYMENT_TARGET = 18.5;
				MARKETING_VERSION = 1.0;
				PRODUCT_BUNDLE_IDENTIFIER = xzeu.WatchMeGoTests;
				PRODUCT_NAME = "$(TARGET_NAME)";
				SWIFT_EMIT_LOC_STRINGS = NO;
				SWIFT_VERSION = 5.0;
				TARGETED_DEVICE_FAMILY = "1,2";
				TEST_HOST = "$(BUILT_PRODUCTS_DIR)/WatchMeGo.app/$(BUNDLE_EXECUTABLE_FOLDER_PATH)/WatchMeGo";
			};
			name = Debug;
		};
		6E7051642E2AA83E0056896B /* Release */ = {
			isa = XCBuildConfiguration;
			buildSettings = {
				BUNDLE_LOADER = "$(TEST_HOST)";
				CODE_SIGN_STYLE = Automatic;
				CURRENT_PROJECT_VERSION = 1;
				DEVELOPMENT_TEAM = 434W4NYSB5;
				GENERATE_INFOPLIST_FILE = YES;
				IPHONEOS_DEPLOYMENT_TARGET = 18.5;
				MARKETING_VERSION = 1.0;
				PRODUCT_BUNDLE_IDENTIFIER = xzeu.WatchMeGoTests;
				PRODUCT_NAME = "$(TARGET_NAME)";
				SWIFT_EMIT_LOC_STRINGS = NO;
				SWIFT_VERSION = 5.0;
				TARGETED_DEVICE_FAMILY = "1,2";
				TEST_HOST = "$(BUILT_PRODUCTS_DIR)/WatchMeGo.app/$(BUNDLE_EXECUTABLE_FOLDER_PATH)/WatchMeGo";
			};
			name = Release;
		};
		6E7051662E2AA83E0056896B /* Debug */ = {
			isa = XCBuildConfiguration;
			buildSettings = {
				CODE_SIGN_STYLE = Automatic;
				CURRENT_PROJECT_VERSION = 1;
				DEVELOPMENT_TEAM = 434W4NYSB5;
				GENERATE_INFOPLIST_FILE = YES;
				MARKETING_VERSION = 1.0;
				PRODUCT_BUNDLE_IDENTIFIER = xzeu.WatchMeGoUITests;
				PRODUCT_NAME = "$(TARGET_NAME)";
				SWIFT_EMIT_LOC_STRINGS = NO;
				SWIFT_VERSION = 5.0;
				TARGETED_DEVICE_FAMILY = "1,2";
				TEST_TARGET_NAME = WatchMeGo;
			};
			name = Debug;
		};
		6E7051672E2AA83E0056896B /* Release */ = {
			isa = XCBuildConfiguration;
			buildSettings = {
				CODE_SIGN_STYLE = Automatic;
				CURRENT_PROJECT_VERSION = 1;
				DEVELOPMENT_TEAM = 434W4NYSB5;
				GENERATE_INFOPLIST_FILE = YES;
				MARKETING_VERSION = 1.0;
				PRODUCT_BUNDLE_IDENTIFIER = xzeu.WatchMeGoUITests;
				PRODUCT_NAME = "$(TARGET_NAME)";
				SWIFT_EMIT_LOC_STRINGS = NO;
				SWIFT_VERSION = 5.0;
				TARGETED_DEVICE_FAMILY = "1,2";
				TEST_TARGET_NAME = WatchMeGo;
			};
			name = Release;
		};
/* End XCBuildConfiguration section */

/* Begin XCConfigurationList section */
		6E7051392E2AA83D0056896B /* Build configuration list for PBXProject "WatchMeGo" */ = {
			isa = XCConfigurationList;
			buildConfigurations = (
				6E70515D2E2AA83E0056896B /* Debug */,
				6E70515E2E2AA83E0056896B /* Release */,
			);
			defaultConfigurationIsVisible = 0;
			defaultConfigurationName = Release;
		};
		6E70515F2E2AA83E0056896B /* Build configuration list for PBXNativeTarget "WatchMeGo" */ = {
			isa = XCConfigurationList;
			buildConfigurations = (
				6E7051602E2AA83E0056896B /* Debug */,
				6E7051612E2AA83E0056896B /* Release */,
			);
			defaultConfigurationIsVisible = 0;
			defaultConfigurationName = Release;
		};
		6E7051622E2AA83E0056896B /* Build configuration list for PBXNativeTarget "WatchMeGoTests" */ = {
			isa = XCConfigurationList;
			buildConfigurations = (
				6E7051632E2AA83E0056896B /* Debug */,
				6E7051642E2AA83E0056896B /* Release */,
			);
			defaultConfigurationIsVisible = 0;
			defaultConfigurationName = Release;
		};
		6E7051652E2AA83E0056896B /* Build configuration list for PBXNativeTarget "WatchMeGoUITests" */ = {
			isa = XCConfigurationList;
			buildConfigurations = (
				6E7051662E2AA83E0056896B /* Debug */,
				6E7051672E2AA83E0056896B /* Release */,
			);
			defaultConfigurationIsVisible = 0;
			defaultConfigurationName = Release;
		};
/* End XCConfigurationList section */

/* Begin XCRemoteSwiftPackageReference section */
		6ED6535B2E475E770068C760 /* XCRemoteSwiftPackageReference "firebase-ios-sdk" */ = {
			isa = XCRemoteSwiftPackageReference;
			repositoryURL = "https://github.com/firebase/firebase-ios-sdk";
			requirement = {
				kind = upToNextMajorVersion;
				minimumVersion = 12.1.0;
			};
		};
/* End XCRemoteSwiftPackageReference section */

/* Begin XCSwiftPackageProductDependency section */
		6ED6535C2E475E770068C760 /* FirebaseAuth */ = {
			isa = XCSwiftPackageProductDependency;
			package = 6ED6535B2E475E770068C760 /* XCRemoteSwiftPackageReference "firebase-ios-sdk" */;
			productName = FirebaseAuth;
		};
		6ED6535E2E475E770068C760 /* FirebaseCore */ = {
			isa = XCSwiftPackageProductDependency;
			package = 6ED6535B2E475E770068C760 /* XCRemoteSwiftPackageReference "firebase-ios-sdk" */;
			productName = FirebaseCore;
		};
		6ED653602E475E770068C760 /* FirebaseFirestore */ = {
			isa = XCSwiftPackageProductDependency;
			package = 6ED6535B2E475E770068C760 /* XCRemoteSwiftPackageReference "firebase-ios-sdk" */;
			productName = FirebaseFirestore;
		};
/* End XCSwiftPackageProductDependency section */
	};
	rootObject = 6E7051362E2AA83D0056896B /* Project object */;
}
